
Microsoft Visual Studio Solution File, Format Version 12.00
# Visual Studio Version 17
VisualStudioVersion = 17.9.34714.143
MinimumVisualStudioVersion = 10.0.40219.1
Project("{FAE04EC0-301F-11D3-BF4B-00C04F79EFBC}") = "C#Class1", "C#Class1\C#Class1.csproj", "{DDC4E48B-010D-450F-9128-22C21E802D1D}"
EndProject
Global
	GlobalSection(SolutionConfigurationPlatforms) = preSolution
		Debug|Any CPU = Debug|Any CPU
		Release|Any CPU = Release|Any CPU
	EndGlobalSection
	GlobalSection(ProjectConfigurationPlatforms) = postSolution
		{DDC4E48B-010D-450F-9128-22C21E802D1D}.Debug|Any CPU.ActiveCfg = Debug|Any CPU
		{DDC4E48B-010D-450F-9128-22C21E802D1D}.Debug|Any CPU.Build.0 = Debug|Any CPU
		{DDC4E48B-010D-450F-9128-22C21E802D1D}.Release|Any CPU.ActiveCfg = Release|Any CPU
		{DDC4E48B-010D-450F-9128-22C21E802D1D}.Release|Any CPU.Build.0 = Release|Any CPU
	EndGlobalSection
	GlobalSection(SolutionProperties) = preSolution
		HideSolutionNode = FALSE
	EndGlobalSection
	GlobalSection(ExtensibilityGlobals) = postSolution
		SolutionGuid = {2FAD2B5D-BC41-49E5-B720-662F42AB1C64}
	EndGlobalSection
EndGlobal
